
Microsoft Visual Studio Solution File, Format Version 12.00
# Visual Studio Version 16
VisualStudioVersion = 16.0.31410.357
MinimumVisualStudioVersion = 10.0.40219.1
Project("{9A19103F-16F7-4668-BE54-9A1E7A4F7556}") = "ContosoUniversity", "ContosoUniversity\ContosoUniversity.csproj", "{73FBC42E-0512-421E-BF60-24CF47B0FAE0}"
EndProject
Global
	GlobalSection(SolutionConfigurationPlatforms) = preSolution
		Debug|Any CPU = Debug|Any CPU
		Release|Any CPU = Release|Any CPU
	EndGlobalSection
	GlobalSection(ProjectConfigurationPlatforms) = postSolution
		{73FBC42E-0512-421E-BF60-24CF47B0FAE0}.Debug|Any CPU.ActiveCfg = Debug|Any CPU
		{73FBC42E-0512-421E-BF60-24CF47B0FAE0}.Debug|Any CPU.Build.0 = Debug|Any CPU
		{73FBC42E-0512-421E-BF60-24CF47B0FAE0}.Release|Any CPU.ActiveCfg = Release|Any CPU
		{73FBC42E-0512-421E-BF60-24CF47B0FAE0}.Release|Any CPU.Build.0 = Release|Any CPU
	EndGlobalSection
	GlobalSection(SolutionProperties) = preSolution
		HideSolutionNode = FALSE
	EndGlobalSection
	GlobalSection(ExtensibilityGlobals) = postSolution
		SolutionGuid = {33185BD9-F3CF-4E06-B903-8CF1396EB6CE}
	EndGlobalSection
EndGlobal
